
Microsoft Visual Studio Solution File, Format Version 12.00
Project("{FAE04EC0-301F-11D3-BF4B-00C04F79EFBC}") = "StarskyMail.Queue.Api", "StarskyMail.Queue.Api\StarskyMail.Queue.Api.csproj", "{6CB16668-1401-419F-8463-51FD90838C8B}"
EndProject
Project("{2150E333-8FDC-42A3-9474-1A3956D46DE8}") = "devops", "devops", "{6873B4A1-E11A-4CF4-ABD8-FF7CF694C6EA}"
ProjectSection(SolutionItems) = preProject
	..\..\docker-compose.yml = ..\..\docker-compose.yml
	..\..\.env = ..\..\.env
	..\..\.gitignore = ..\..\.gitignore
	..\..\README.md = ..\..\README.md
	..\..\LICENSE = ..\..\LICENSE
	..\..\.dockerignore = ..\..\.dockerignore
	..\..\docker-compose.override.yml = ..\..\docker-compose.override.yml
	..\..\docker-compose.prod.yml = ..\..\docker-compose.prod.yml
EndProjectSection
EndProject
Project("{FAE04EC0-301F-11D3-BF4B-00C04F79EFBC}") = "StarskyMail.Queue", "StarskyMail.Queue\StarskyMail.Queue.csproj", "{6E726977-A98D-4787-BED0-C11AB1950EDA}"
EndProject
Project("{FAE04EC0-301F-11D3-BF4B-00C04F79EFBC}") = "StarskyMail.Queue.Consumer", "StarskyMail.Queue.Consumer\StarskyMail.Queue.Consumer.csproj", "{77305E4F-440C-400E-9E5B-466E9E3AF3A4}"
EndProject
Global
	GlobalSection(SolutionConfigurationPlatforms) = preSolution
		Debug|Any CPU = Debug|Any CPU
		Release|Any CPU = Release|Any CPU
	EndGlobalSection
	GlobalSection(ProjectConfigurationPlatforms) = postSolution
		{6CB16668-1401-419F-8463-51FD90838C8B}.Debug|Any CPU.ActiveCfg = Debug|Any CPU
		{6CB16668-1401-419F-8463-51FD90838C8B}.Debug|Any CPU.Build.0 = Debug|Any CPU
		{6CB16668-1401-419F-8463-51FD90838C8B}.Release|Any CPU.ActiveCfg = Release|Any CPU
		{6CB16668-1401-419F-8463-51FD90838C8B}.Release|Any CPU.Build.0 = Release|Any CPU
		{6E726977-A98D-4787-BED0-C11AB1950EDA}.Debug|Any CPU.ActiveCfg = Debug|Any CPU
		{6E726977-A98D-4787-BED0-C11AB1950EDA}.Debug|Any CPU.Build.0 = Debug|Any CPU
		{6E726977-A98D-4787-BED0-C11AB1950EDA}.Release|Any CPU.ActiveCfg = Release|Any CPU
		{6E726977-A98D-4787-BED0-C11AB1950EDA}.Release|Any CPU.Build.0 = Release|Any CPU
		{77305E4F-440C-400E-9E5B-466E9E3AF3A4}.Debug|Any CPU.ActiveCfg = Debug|Any CPU
		{77305E4F-440C-400E-9E5B-466E9E3AF3A4}.Debug|Any CPU.Build.0 = Debug|Any CPU
		{77305E4F-440C-400E-9E5B-466E9E3AF3A4}.Release|Any CPU.ActiveCfg = Release|Any CPU
		{77305E4F-440C-400E-9E5B-466E9E3AF3A4}.Release|Any CPU.Build.0 = Release|Any CPU
	EndGlobalSection
EndGlobal
